# THIS IS AN AUTOGENERATED FILE. DO NOT EDIT THIS FILE DIRECTLY.
# yarn lockfile v1


axios@^0.18.0:
  version "0.18.1"
  resolved "https://registry.yarnpkg.com/axios/-/axios-0.18.1.tgz#ff3f0de2e7b5d180e757ad98000f1081b87bcea3"
  integrity sha512-0BfJq4NSfQXd+SkFdrvFbG7addhYSBA2mQwISr46pD6E5iqkWg02RAs8vyTT/j0RTnoYmeXauBuSv1qKwR179g==
  dependencies:
    follow-redirects "1.5.10"
    is-buffer "^2.0.2"

cld3-asm@^3.1.1:
  version "3.1.1"
  resolved "https://registry.yarnpkg.com/cld3-asm/-/cld3-asm-3.1.1.tgz#9cf239a56475a32f6ee3fbf9bceb879297225d4e"
  integrity sha512-MINJMrEyidUXG3PmunceuG7CnnTZNzTaYhjjIE93lz1Ku5gthfVhKThb1IH68OYTgk1BrgHa7BUrbrJvxJgA8Q==
  dependencies:
    emscripten-wasm-loader "^3.0.3"

debug@=3.1.0:
  version "3.1.0"
  resolved "https://registry.yarnpkg.com/debug/-/debug-3.1.0.tgz#5bb5a0672628b64149566ba16819e61518c67261"
  integrity sha512-OX8XqP7/1a9cqkxYw2yXss15f26NKWBpDXQd0/uK/KPqdQhxbPa994hnzjcE2VqQpDslf55723cKPUOGSmMY3g==
  dependencies:
    ms "2.0.0"

emscripten-wasm-loader@^3.0.3:
  version "3.0.3"
  resolved "https://registry.yarnpkg.com/emscripten-wasm-loader/-/emscripten-wasm-loader-3.0.3.tgz#60d4f33dd62fc41cf6d98fbca94b24bc246f133b"
  integrity sha512-fyq2maBt5LOou27LEBlL5H6G04BxgSamXkvmMsAuIT6rd8ioH4BxNQhuyl6jVPeODh6U8Wk1BoFZxzHpg3o8wA==
  dependencies:
    getroot "^1.0.0"
    nanoid "^2.0.3"
    unixify "^1.0.0"

follow-redirects@1.5.10:
  version "1.5.10"
  resolved "https://registry.yarnpkg.com/follow-redirects/-/follow-redirects-1.5.10.tgz#7b7a9f9aea2fdff36786a94ff643ed07f4ff5e2a"
  integrity sha512-0V5l4Cizzvqt5D44aTXbFZz+FtyXV1vrDN6qrelxtfYQKW0KO0W2T/hkE8xvGa/540LkZlkaUjO4ailYTFtHVQ==
  dependencies:
    debug "=3.1.0"

getroot@^1.0.0:
  version "1.0.0"
  resolved "https://registry.yarnpkg.com/getroot/-/getroot-1.0.0.tgz#ac4635c5fa4037741d6ead61ccc16367439efcbe"
  integrity sha512-W9Q31kOv921dQuZBeAbK4R/dAPbC0WkhZD3alLcdVwjSkEtS1aX8twrzG3I5yo0sQ88M/d4JOqVbRiCuI/XPNA==
  dependencies:
    tslib "^1.7.1"

is-buffer@^2.0.2:
  version "2.0.4"
  resolved "https://registry.yarnpkg.com/is-buffer/-/is-buffer-2.0.4.tgz#3e572f23c8411a5cfd9557c849e3665e0b290623"
  integrity sha512-Kq1rokWXOPXWuaMAqZiJW4XxsmD9zGx9q4aePabbn3qCRGedtH7Cm+zV8WETitMfu1wdh+Rvd6w5egwSngUX2A==

lodash@^4.17.4:
  version "4.17.21"
  resolved "https://registry.yarnpkg.com/lodash/-/lodash-4.17.21.tgz#679591c564c3bffaae8454cf0b3df370c3d6911c"
  integrity sha512-v2kDEe57lecTulaDIuNTPy3Ry4gLGJ6Z1O3vE1krgXZNrsQ+LFTGHVxVjcXPs17LhbZVGedAJv8XZ1tvj5FvSg==

ms@2.0.0:
  version "2.0.0"
  resolved "https://registry.yarnpkg.com/ms/-/ms-2.0.0.tgz#5608aeadfc00be6c2901df5f9861788de0d597c8"
  integrity sha1-VgiurfwAvmwpAd9fmGF4jeDVl8g=

nanoid@^2.0.3:
  version "2.1.11"
  resolved "https://registry.yarnpkg.com/nanoid/-/nanoid-2.1.11.tgz#ec24b8a758d591561531b4176a01e3ab4f0f0280"
  integrity sha512-s/snB+WGm6uwi0WjsZdaVcuf3KJXlfGl2LcxgwkEwJF0D/BWzVWAZW/XY4bFaiR7s0Jk3FPvlnepg1H1b1UwlA==

normalize-path@^2.1.1:
  version "2.1.1"
  resolved "https://registry.yarnpkg.com/normalize-path/-/normalize-path-2.1.1.tgz#1ab28b556e198363a8c1a6f7e6fa20137fe6aed9"
  integrity sha1-GrKLVW4Zg2Oowab35vogE3/mrtk=
  dependencies:
    remove-trailing-separator "^1.0.1"

perspective-api-client@^3.1.0:
  version "3.1.0"
  resolved "https://registry.yarnpkg.com/perspective-api-client/-/perspective-api-client-3.1.0.tgz#5269a467e35ea890d1c039232b671dab6d56237a"
  integrity sha512-E5MKbq90b71oJcw4A8KLAzN5u1pA6+bR44lp2VpR/8JihpxwBDdxiX22ALEgQR/P956NzWwk9iD3oEWnwS0hTA==
  dependencies:
    axios "^0.18.0"
    lodash "^4.17.4"
    striptags "^3.1.1"

remove-trailing-separator@^1.0.1:
  version "1.1.0"
  resolved "https://registry.yarnpkg.com/remove-trailing-separator/-/remove-trailing-separator-1.1.0.tgz#c24bce2a283adad5bc3f58e0d48249b92379d8ef"
  integrity sha1-wkvOKig62tW8P1jg1IJJuSN52O8=

striptags@^3.1.1:
  version "3.2.0"
  resolved "https://registry.yarnpkg.com/striptags/-/striptags-3.2.0.tgz#cc74a137db2de8b0b9a370006334161f7dd67052"
  integrity sha512-g45ZOGzHDMe2bdYMdIvdAfCQkCTDMGBazSw1ypMowwGIee7ZQ5dU0rBJ8Jqgl+jAKIv4dbeE1jscZq9wid1Tkw==

tslib@^1.7.1:
  version "1.13.0"
  resolved "https://registry.yarnpkg.com/tslib/-/tslib-1.13.0.tgz#c881e13cc7015894ed914862d276436fa9a47043"
  integrity sha512-i/6DQjL8Xf3be4K/E6Wgpekn5Qasl1usyw++dAA35Ue5orEn65VIxOA+YvNNl9HV3qv70T7CNwjODHZrLwvd1Q==

unixify@^1.0.0:
  version "1.0.0"
  resolved "https://registry.yarnpkg.com/unixify/-/unixify-1.0.0.tgz#3a641c8c2ffbce4da683a5c70f03a462940c2090"
  integrity sha1-OmQcjC/7zk2mg6XHDwOkYpQMIJA=
  dependencies:
    normalize-path "^2.1.1"
